
Microsoft Visual Studio Solution File, Format Version 12.00
# Visual Studio Version 17
VisualStudioVersion = 17.0.31903.59
MinimumVisualStudioVersion = 10.0.40219.1
Project("{2150E333-8FDC-42A3-9474-1A3956D46DE8}") = "src", "src", "{731BB229-C614-44DB-8A4C-40F809242B13}"
EndProject
Project("{FAE04EC0-301F-11D3-BF4B-00C04F79EFBC}") = "Forismatic", "src\Forismatic\Forismatic.csproj", "{E982C510-6FE9-49C0-A793-67B092FC815D}"
EndProject
Project("{2150E333-8FDC-42A3-9474-1A3956D46DE8}") = "test", "test", "{C5BE792F-0D91-4BFB-AE5D-6E011B900A8E}"
EndProject
Project("{2150E333-8FDC-42A3-9474-1A3956D46DE8}") = "Test.Console", "Test.Console", "{0ADD78E3-6E00-42D5-8EE6-2D4B1A95C9FD}"
EndProject
Project("{FAE04EC0-301F-11D3-BF4B-00C04F79EFBC}") = "Test.Console", "test\Test.Console\Test.Console.csproj", "{FCFBAA8E-2C07-4B2A-B5E0-4ACCC7496E00}"
EndProject
Project("{2150E333-8FDC-42A3-9474-1A3956D46DE8}") = "Test.UnitTest", "Test.UnitTest", "{87AEE653-FBFE-4AEA-8AF1-AFDAF0F9284B}"
EndProject
Project("{FAE04EC0-301F-11D3-BF4B-00C04F79EFBC}") = "Test.UnitTest", "test\Test.UnitTest\Test.UnitTest.csproj", "{4552124D-0C1B-4223-8EAC-E2E1ACE7DAAF}"
EndProject
Global
	GlobalSection(SolutionConfigurationPlatforms) = preSolution
		Debug|Any CPU = Debug|Any CPU
		Release|Any CPU = Release|Any CPU
	EndGlobalSection
	GlobalSection(SolutionProperties) = preSolution
		HideSolutionNode = FALSE
	EndGlobalSection
	GlobalSection(ProjectConfigurationPlatforms) = postSolution
		{E982C510-6FE9-49C0-A793-67B092FC815D}.Debug|Any CPU.ActiveCfg = Debug|Any CPU
		{E982C510-6FE9-49C0-A793-67B092FC815D}.Debug|Any CPU.Build.0 = Debug|Any CPU
		{E982C510-6FE9-49C0-A793-67B092FC815D}.Release|Any CPU.ActiveCfg = Release|Any CPU
		{E982C510-6FE9-49C0-A793-67B092FC815D}.Release|Any CPU.Build.0 = Release|Any CPU
		{FCFBAA8E-2C07-4B2A-B5E0-4ACCC7496E00}.Debug|Any CPU.ActiveCfg = Debug|Any CPU
		{FCFBAA8E-2C07-4B2A-B5E0-4ACCC7496E00}.Debug|Any CPU.Build.0 = Debug|Any CPU
		{FCFBAA8E-2C07-4B2A-B5E0-4ACCC7496E00}.Release|Any CPU.ActiveCfg = Release|Any CPU
		{FCFBAA8E-2C07-4B2A-B5E0-4ACCC7496E00}.Release|Any CPU.Build.0 = Release|Any CPU
		{4552124D-0C1B-4223-8EAC-E2E1ACE7DAAF}.Debug|Any CPU.ActiveCfg = Debug|Any CPU
		{4552124D-0C1B-4223-8EAC-E2E1ACE7DAAF}.Debug|Any CPU.Build.0 = Debug|Any CPU
		{4552124D-0C1B-4223-8EAC-E2E1ACE7DAAF}.Release|Any CPU.ActiveCfg = Release|Any CPU
		{4552124D-0C1B-4223-8EAC-E2E1ACE7DAAF}.Release|Any CPU.Build.0 = Release|Any CPU
	EndGlobalSection
	GlobalSection(NestedProjects) = preSolution
		{E982C510-6FE9-49C0-A793-67B092FC815D} = {731BB229-C614-44DB-8A4C-40F809242B13}
		{0ADD78E3-6E00-42D5-8EE6-2D4B1A95C9FD} = {C5BE792F-0D91-4BFB-AE5D-6E011B900A8E}
		{FCFBAA8E-2C07-4B2A-B5E0-4ACCC7496E00} = {0ADD78E3-6E00-42D5-8EE6-2D4B1A95C9FD}
		{87AEE653-FBFE-4AEA-8AF1-AFDAF0F9284B} = {C5BE792F-0D91-4BFB-AE5D-6E011B900A8E}
		{4552124D-0C1B-4223-8EAC-E2E1ACE7DAAF} = {87AEE653-FBFE-4AEA-8AF1-AFDAF0F9284B}
	EndGlobalSection
EndGlobal
